{
  "lock_version": 1,
  "framework": {
    "version": "unknown",
    "commit": "b9f5dfd"
  },
  "managed": {
    "framework/CHANGELOG.md": {
      "src": "CHANGELOG.md",
      "sha256": "18caa610adb1ca7b3435f949a9cdad0d87c1d0ab1c4bbc890c3d953f25652f6e",
      "upstream": "3c18f926a3dd9475b27e5ecc6db5d198ea76948296c7acc4fe6fe9ea9f8085c7"
    },
    "framework/README.md": {
      "src": "README.md",
      "sha256": "3771897c36cfd35897dff714c1c2fe0c06f6056d9c68655dc25350d2f4069a3d",
      "upstream": "ac89cd6edfb275190f29b0d815e60adb63301d23bb85e0242dd07d62cecc1c96"
    },
    "framework/bootstrap.sh": {
      "src": "bootstrap.sh",
      "sha256": "e44c261d101dfe53f5f7af2959d3ac940deef0c2a060ae19bf33cf8e80270e8e",
      "upstream": "5a7b0fbd6729a3e7b4451a706be3fff415d20e173a12e47119c12b7b112bb725"
    },
    "framework/cowork-constraint-design.md": {
      "src": "cowork-constraint-design.md",
      "sha256": "efc8e5e8a010025d28b756c6fbc11da84054218fac5a1b64d9d15363d0c4021c",
      "upstream": "efc8e5e8a010025d28b756c6fbc11da84054218fac5a1b64d9d15363d0c4021c"
    },
    "framework/harness/evaluator.md": {
      "src": "harness/evaluator.md",
      "sha256": "4ecef2a2958eccdfb64d81df00079a117d7f2e119fc7d8fd32142c1683c659dc",
      "upstream": "2c14aa5977a1bedda1d51d3f64244a5511d85fa5d248e6780a1d5f4f49fedb86"
    },
    "framework/harness/generator.md": {
      "src": "harness/generator.md",
      "sha256": "e59dbb3402519d8eec31240d9a60a52a01fc70d7b9eeef1a4a1e7320303aa201",
      "upstream": "f7c43ad4133db778ce0d197d94f9fcf6d736659dc2db9fe24dd431d9845c8113"
    },
    "framework/harness/harness-rules.md": {
      "src": "harness/harness-rules.md",
      "sha256": "308f833b83011e6c838484e73fc2c348c1d5ce20c1fc2bd1d85945d5ee143932",
      "upstream": "359840d518942cf9a1559a3051cb6d947b85a187f53194c6f55adfb18c23c892"
    },
    "framework/harness/planner.md": {
      "src": "harness/planner.md",
      "sha256": "b892c2a315d71f38e8912c34fb8bf4fb5c7a6dcc1155344c17d90e75ecc6fbda",
      "upstream": "b3fe138c65f2fa7affb8f6dbf412e5449b07125afc62296cc92f681c431b2d85"
    },
    "framework/harness/pre-impl-adjudication.md": {
      "src": "harness/pre-impl-adjudication.md",
      "sha256": "bb3905aac2eaaebbfb1bc7c9d9bae4045396024172fb329878600620ab70d15a",
      "upstream": "bc0a62342ddf984a9672953562864b462a8a4b55728f2abc449276db91d97e08"
    },
    "framework/harness/progress.init.json": {
      "src": "harness/progress.init.json",
      "sha256": "4878e4c1c542764b51f99c557ab607f192933b29207ca7f5c12971f09941bf29",
      "upstream": "30a8983d211cea8625960524d6118f1f4d6d27c61fcd7bab95ffee6a7e6e613b"
    },
    "framework/memory/MEMORY.md": {
      "src": "memory/MEMORY.md",
      "sha256": "eb1ad4ed871d9b2415cb789eb139499bace518f2d696984b3a29e59b89136c5b",
      "upstream": "2856839b2c5b3b77b79671a955511e70c8004b0c1d484f36584a7594d53617d2"
    },
    "framework/memory/environment.md": {
      "src": "memory/environment.md",
      "sha256": "3a8ab4117793da7dc151389b28650a5fd9e99021ff038d79b6498aa431dccb2a",
      "upstream": "3a8ab4117793da7dc151389b28650a5fd9e99021ff038d79b6498aa431dccb2a"
    },
    "framework/memory/project-status.md": {
      "src": "memory/project-status.md",
      "sha256": "7618ab126416a2915ba97e0fec988cc4117c314e0397c83ca400d0398d419c03",
      "upstream": "7618ab126416a2915ba97e0fec988cc4117c314e0397c83ca400d0398d419c03"
    },
    "framework/memory/reference-docs.md": {
      "src": "memory/reference-docs.md",
      "sha256": "18310757d409d57973929ac7d06498fe612b502ee5cd5277bb87fc1a83a4d7f4",
      "upstream": "18310757d409d57973929ac7d06498fe612b502ee5cd5277bb87fc1a83a4d7f4"
    },
    "framework/memory/role-context/evaluator.md": {
      "src": "memory/role-context/evaluator.md",
      "sha256": "a7f9fb4b46ca62f8fc368ef6b152ca420a07816433e8179165570a39c3b2b0cd",
      "upstream": "4ce3f22f883a836aa2f248c02f6f018e0ace59dd7b0754811aa3959ebb75475c"
    },
    "framework/memory/role-context/generator.md": {
      "src": "memory/role-context/generator.md",
      "sha256": "c82ea8b957a8f6fb5f50a0491c9fe9f697baeb77485c713446125d50db5710d8",
      "upstream": "53c791c09aeb49f06ecf88375215312488be7cdd092641160b1d4af0435b26be"
    },
    "framework/memory/role-context/planner.md": {
      "src": "memory/role-context/planner.md",
      "sha256": "2df1cc3461a5a47c1a4980a8af8442871b55747fc1b6a713c45fabc8c75f6f98",
      "upstream": "fbae03bd188140b939b4ec0c4b49e378af97909c1141605378d3e8cd49069345"
    },
    "framework/memory/user-role.md": {
      "src": "memory/user-role.md",
      "sha256": "867934c2c1a090d6e094ff65b1bfe363fd0ecb9b3997914c9ae1b8f08c6d8aa0",
      "upstream": "cb3eb1c043aad55b610ecefc185abe6411c399c5e446acf0544f00a81ec03f50"
    },
    "framework/templates/AGENTS.md": {
      "src": "templates/AGENTS.md",
      "sha256": "086c4876df160532e028a8f6b6398a796b00108aa9fee71ce773e559973d38c6",
      "upstream": "01c20fb8de4b1f2aa8749e72f42b324b925a47e5aab7e0cdcaf58448e1a62610"
    },
    "framework/templates/CLAUDE.md": {
      "src": "templates/CLAUDE.md",
      "sha256": "9bfdda7928ca8952a4333b2ece0df8ac4c65f55c6b472896bfd9da96e6d3d4c2",
      "upstream": "8bb2391c528ab7d532d26f53fe2c9854c9cf8e1da4f0c4098fbd8693959ecb86"
    },
    "framework/templates/features.template.json": {
      "src": "templates/features.template.json",
      "sha256": "6f113c241356215a14dc139d8fcaa0e623d4c518a3eefe26a3caa1e1b0bba1fe",
      "upstream": "6618219bc920dd73e8918869909b15f7b74ad02021f6bf2ae4c7c168e963ec16"
    },
    "framework/templates/migration-batch-checklist.md": {
      "src": "templates/migration-batch-checklist.md",
      "sha256": "4b985fdb91db3ec92991f3e18d31d548a0be0e293970f4c8899960e0a3a7eaf7",
      "upstream": "4b985fdb91db3ec92991f3e18d31d548a0be0e293970f4c8899960e0a3a7eaf7"
    },
    "framework/templates/pre-commit-hook.sh": {
      "src": "templates/pre-commit-hook.sh",
      "sha256": "bf4c1b178ba5ae8f6325fa5e28a0ad5b9d0d12404e66eed315b0f30633fb1a51",
      "upstream": "bf4c1b178ba5ae8f6325fa5e28a0ad5b9d0d12404e66eed315b0f30633fb1a51"
    },
    "framework/templates/prod-launch-audit-template.md": {
      "src": "templates/prod-launch-audit-template.md",
      "sha256": "ef5e98b68e53f682ddcc01eeed8a80ccfafe3d953bcaf85b391a610b16f5801b",
      "upstream": "ef5e98b68e53f682ddcc01eeed8a80ccfafe3d953bcaf85b391a610b16f5801b"
    },
    "framework/templates/signoff-report.md": {
      "src": "templates/signoff-report.md",
      "sha256": "61d3188081a83cedd8a5f6ce20e22ad70cd98a701d9b2d3e1c07c3595b99bc99",
      "upstream": "e248d421dc20ec54e59411dedf12c6ea71062b962e7797fa5b87d4e3dcd3d4d7"
    },
    "harness-rules.md": {
      "src": "harness/harness-rules.md",
      "sha256": "b2ea248adb5a2ec874e87a52210bb5de01ba87ad1af3cd351f4912075f7289a9",
      "upstream": "359840d518942cf9a1559a3051cb6d947b85a187f53194c6f55adfb18c23c892"
    }
  },
  "seeded": {
    ".auto-memory/MEMORY.md": {
      "src": "memory/MEMORY.md",
      "sha256": "4726f47edd21ea94f78155d4c067f7ee2774907b1834f029ebb626d6fc015ecd",
      "upstream": "2856839b2c5b3b77b79671a955511e70c8004b0c1d484f36584a7594d53617d2"
    },
    ".auto-memory/environment.md": {
      "src": "memory/environment.md",
      "sha256": "03963a802d35b21316c1ffaf62b964be73a6dbedc52d2d69a209f10156c36256",
      "upstream": "3a8ab4117793da7dc151389b28650a5fd9e99021ff038d79b6498aa431dccb2a"
    },
    ".auto-memory/project-status.md": {
      "src": "memory/project-status.md",
      "sha256": "f894c48977ff449aaf18784b57a153994a5c25ff379678ecf53defce19b801d5",
      "upstream": "7618ab126416a2915ba97e0fec988cc4117c314e0397c83ca400d0398d419c03"
    },
    ".auto-memory/reference-docs.md": {
      "src": "memory/reference-docs.md",
      "sha256": "18310757d409d57973929ac7d06498fe612b502ee5cd5277bb87fc1a83a4d7f4",
      "upstream": "18310757d409d57973929ac7d06498fe612b502ee5cd5277bb87fc1a83a4d7f4"
    },
    ".auto-memory/role-context/evaluator.md": {
      "src": "memory/role-context/evaluator.md",
      "sha256": "5a3521b83861195dcea876c1556c2062cde9a93fd9088d82846ee464f518a750",
      "upstream": "4ce3f22f883a836aa2f248c02f6f018e0ace59dd7b0754811aa3959ebb75475c"
    },
    ".auto-memory/role-context/generator.md": {
      "src": "memory/role-context/generator.md",
      "sha256": "c9178aece9d532a8802ce6a0bf70ca315e37485c89bdc502d7868d9b790739ce",
      "upstream": "53c791c09aeb49f06ecf88375215312488be7cdd092641160b1d4af0435b26be"
    },
    ".auto-memory/role-context/planner.md": {
      "src": "memory/role-context/planner.md",
      "sha256": "83b232bf1293e9cd97996a05923f956c6b85faccae96dd3a684091fa99c50a98",
      "upstream": "fbae03bd188140b939b4ec0c4b49e378af97909c1141605378d3e8cd49069345"
    },
    ".auto-memory/user-role.md": {
      "src": "memory/user-role.md",
      "sha256": "867934c2c1a090d6e094ff65b1bfe363fd0ecb9b3997914c9ae1b8f08c6d8aa0",
      "upstream": "cb3eb1c043aad55b610ecefc185abe6411c399c5e446acf0544f00a81ec03f50"
    },
    "AGENTS.md": {
      "src": "templates/AGENTS.md",
      "sha256": "086c4876df160532e028a8f6b6398a796b00108aa9fee71ce773e559973d38c6",
      "upstream": "01c20fb8de4b1f2aa8749e72f42b324b925a47e5aab7e0cdcaf58448e1a62610"
    },
    "CLAUDE.md": {
      "src": "templates/CLAUDE.md",
      "sha256": "366072094c1682bde1db8e061200d967b9d2f1523dbe128c319aedc7b66159a9",
      "upstream": "8bb2391c528ab7d532d26f53fe2c9854c9cf8e1da4f0c4098fbd8693959ecb86"
    },
    "framework/proposed-learnings.md": {
      "src": "proposed-learnings.md",
      "sha256": "363fa1169ba15e677b097cd0a693a5705f68137a263d9d9c9f41a3dbedb15aa0",
      "upstream": "59a8bbb5ccff637e8b1b91996b5d881baeabf600419060e974401a201d40e8be"
    },
    "progress.json": {
      "src": "harness/progress.init.json",
      "sha256": "7c8e91724a49f1f73f8435d75fcc4c42ff22917ef625062fbbb17970d78f805a",
      "upstream": "30a8983d211cea8625960524d6118f1f4d6d27c61fcd7bab95ffee6a7e6e613b"
    }
  }
}
